<?xml version="1.0" encoding="utf-8"?>
<Project ToolsVersion="4.0" xmlns="http://schemas.microsoft.com/developer/msbuild/2003">
  <ItemGroup>
    <ClCompile Include="tutorial5.cpp" />
    <ClCompile Include="Renderer.cpp">
      <Filter>Source FIles</Filter>
    </ClCompile>
  </ItemGroup>
  <ItemGroup>
    <Filter Include="Header Files">
      <UniqueIdentifier>{b3ba82e2-cfb8-4c13-9485-71af31612828}</UniqueIdentifier>
    </Filter>
    <Filter Include="Source FIles">
      <UniqueIdentifier>{2838116b-d565-47b4-8fca-2e4cb63d23bb}</UniqueIdentifier>
    </Filter>
  </ItemGroup>
  <ItemGroup>
    <ClInclude Include="Renderer.h">
      <Filter>Header Files</Filter>
    </ClInclude>
  </ItemGroup>
</Project>